
Microsoft Visual Studio Solution File, Format Version 12.00
# Visual Studio Version 17
VisualStudioVersion = 17.14.36327.8
MinimumVisualStudioVersion = 10.0.40219.1
Project("{FAE04EC0-301F-11D3-BF4B-00C04F79EFBC}") = "FitnessTracker.API", "FitnessTracker.API\FitnessTracker.API.csproj", "{DF33833D-5950-4AFE-8CBE-462AA691F821}"
EndProject
Global
	GlobalSection(SolutionConfigurationPlatforms) = preSolution
		Debug|Any CPU = Debug|Any CPU
		Release|Any CPU = Release|Any CPU
	EndGlobalSection
	GlobalSection(ProjectConfigurationPlatforms) = postSolution
		{DF33833D-5950-4AFE-8CBE-462AA691F821}.Debug|Any CPU.ActiveCfg = Debug|Any CPU
		{DF33833D-5950-4AFE-8CBE-462AA691F821}.Debug|Any CPU.Build.0 = Debug|Any CPU
		{DF33833D-5950-4AFE-8CBE-462AA691F821}.Release|Any CPU.ActiveCfg = Release|Any CPU
		{DF33833D-5950-4AFE-8CBE-462AA691F821}.Release|Any CPU.Build.0 = Release|Any CPU
	EndGlobalSection
	GlobalSection(SolutionProperties) = preSolution
		HideSolutionNode = FALSE
	EndGlobalSection
	GlobalSection(ExtensibilityGlobals) = postSolution
		SolutionGuid = {26CB1CF5-3D25-48B7-9C87-AF4C2F6956F3}
	EndGlobalSection
EndGlobal
